
Microsoft Visual Studio Solution File, Format Version 12.00
# Visual Studio Version 17
VisualStudioVersion = 17.6.33717.318
MinimumVisualStudioVersion = 10.0.40219.1
Project("{2150E333-8FDC-42A3-9474-1A3956D46DE8}") = "Solution Items", "Solution Items", "{4A4BAB9C-487C-4B91-8872-711DBAE32A46}"
	ProjectSection(SolutionItems) = preProject
		.editorconfig = .editorconfig
		README.md = README.md
		Resources.txt = Resources.txt
	EndProjectSection
EndProject
Project("{9A19103F-16F7-4668-BE54-9A1E7A4F7556}") = "DeviceIoControl", "DeviceIoControl\DeviceIoControl.csproj", "{7088A0A6-BA67-47EE-9081-82438486BA80}"
EndProject
Project("{9A19103F-16F7-4668-BE54-9A1E7A4F7556}") = "Demo", "Demo\Demo.csproj", "{D73CE772-333C-4972-8AC1-5514980077F2}"
EndProject
Project("{2150E333-8FDC-42A3-9474-1A3956D46DE8}") = "workflows", "workflows", "{EBF6C751-A3DD-4E0A-A6EC-5D5054DE4951}"
	ProjectSection(SolutionItems) = preProject
		.github\workflows\codeql.yml = .github\workflows\codeql.yml
		.github\dependabot.yml = .github\dependabot.yml
		.github\workflows\release.yml = .github\workflows\release.yml
		.github\workflows\test.yml = .github\workflows\test.yml
	EndProjectSection
EndProject
Project("{FAE04EC0-301F-11D3-BF4B-00C04F79EFBC}") = "Demo35", "Demo\Demo35.csproj", "{FEB3CCEF-4C57-4815-B306-368E48DFA07C}"
EndProject
Project("{FAE04EC0-301F-11D3-BF4B-00C04F79EFBC}") = "DeviceIoControl35", "DeviceIoControl\DeviceIoControl35.csproj", "{6DADABCD-090F-4A04-BC48-B8B8F86237BF}"
EndProject
Global
	GlobalSection(SolutionConfigurationPlatforms) = preSolution
		Debug|Any CPU = Debug|Any CPU
		Release|Any CPU = Release|Any CPU
	EndGlobalSection
	GlobalSection(ProjectConfigurationPlatforms) = postSolution
		{7088A0A6-BA67-47EE-9081-82438486BA80}.Debug|Any CPU.ActiveCfg = Debug|Any CPU
		{7088A0A6-BA67-47EE-9081-82438486BA80}.Debug|Any CPU.Build.0 = Debug|Any CPU
		{7088A0A6-BA67-47EE-9081-82438486BA80}.Release|Any CPU.ActiveCfg = Release|Any CPU
		{7088A0A6-BA67-47EE-9081-82438486BA80}.Release|Any CPU.Build.0 = Release|Any CPU
		{D73CE772-333C-4972-8AC1-5514980077F2}.Debug|Any CPU.ActiveCfg = Debug|Any CPU
		{D73CE772-333C-4972-8AC1-5514980077F2}.Debug|Any CPU.Build.0 = Debug|Any CPU
		{D73CE772-333C-4972-8AC1-5514980077F2}.Release|Any CPU.ActiveCfg = Release|Any CPU
		{FEB3CCEF-4C57-4815-B306-368E48DFA07C}.Debug|Any CPU.ActiveCfg = Debug|Any CPU
		{FEB3CCEF-4C57-4815-B306-368E48DFA07C}.Debug|Any CPU.Build.0 = Debug|Any CPU
		{FEB3CCEF-4C57-4815-B306-368E48DFA07C}.Release|Any CPU.ActiveCfg = Release|Any CPU
		{FEB3CCEF-4C57-4815-B306-368E48DFA07C}.Release|Any CPU.Build.0 = Release|Any CPU
		{6DADABCD-090F-4A04-BC48-B8B8F86237BF}.Debug|Any CPU.ActiveCfg = Debug|Any CPU
		{6DADABCD-090F-4A04-BC48-B8B8F86237BF}.Debug|Any CPU.Build.0 = Debug|Any CPU
		{6DADABCD-090F-4A04-BC48-B8B8F86237BF}.Release|Any CPU.ActiveCfg = Release|Any CPU
		{6DADABCD-090F-4A04-BC48-B8B8F86237BF}.Release|Any CPU.Build.0 = Release|Any CPU
	EndGlobalSection
	GlobalSection(SolutionProperties) = preSolution
		HideSolutionNode = FALSE
	EndGlobalSection
	GlobalSection(NestedProjects) = preSolution
		{EBF6C751-A3DD-4E0A-A6EC-5D5054DE4951} = {4A4BAB9C-487C-4B91-8872-711DBAE32A46}
	EndGlobalSection
	GlobalSection(ExtensibilityGlobals) = postSolution
		SolutionGuid = {E86B09CA-8909-4D8F-8E23-B4967C4BC4E9}
	EndGlobalSection
EndGlobal
